
Microsoft Visual Studio Solution File, Format Version 12.00
# Visual Studio Version 16
VisualStudioVersion = 16.0.31129.286
MinimumVisualStudioVersion = 10.0.40219.1
Project("{FAE04EC0-301F-11D3-BF4B-00C04F79EFBC}") = "PPProject", "PPProject.csproj", "{3CD48152-FFD7-4960-86F4-BCB4BCCE9DD3}"
EndProject
Global
	GlobalSection(SolutionConfigurationPlatforms) = preSolution
		Debug|Any CPU = Debug|Any CPU
		Release|Any CPU = Release|Any CPU
	EndGlobalSection
	GlobalSection(ProjectConfigurationPlatforms) = postSolution
		{3CD48152-FFD7-4960-86F4-BCB4BCCE9DD3}.Debug|Any CPU.ActiveCfg = Debug|Any CPU
		{3CD48152-FFD7-4960-86F4-BCB4BCCE9DD3}.Debug|Any CPU.Build.0 = Debug|Any CPU
		{3CD48152-FFD7-4960-86F4-BCB4BCCE9DD3}.Release|Any CPU.ActiveCfg = Release|Any CPU
		{3CD48152-FFD7-4960-86F4-BCB4BCCE9DD3}.Release|Any CPU.Build.0 = Release|Any CPU
	EndGlobalSection
	GlobalSection(SolutionProperties) = preSolution
		HideSolutionNode = FALSE
	EndGlobalSection
	GlobalSection(ExtensibilityGlobals) = postSolution
		SolutionGuid = {2F5FA764-A909-49F5-BFE0-C2AFF3D7EFC7}
	EndGlobalSection
EndGlobal
